
Microsoft Visual Studio Solution File, Format Version 12.00
# Visual Studio 15
VisualStudioVersion = 15.0.28307.852
MinimumVisualStudioVersion = 10.0.40219.1
Project("{FAE04EC0-301F-11D3-BF4B-00C04F79EFBC}") = "RetailProduct.API", "RetailProduct.API\RetailProduct.API.csproj", "{277F02F2-7987-473F-98C2-979AFA9D3BB8}"
EndProject
Project("{FAE04EC0-301F-11D3-BF4B-00C04F79EFBC}") = "RetailProduct.Models", "..\RetailProduct.Models\RetailProduct.Models.csproj", "{CB57B6E6-4FC1-4CEB-902B-B1088811BF03}"
EndProject
Project("{FAE04EC0-301F-11D3-BF4B-00C04F79EFBC}") = "RetailProduct.Repositories", "..\RetailProduct.Repositories\RetailProduct.Repositories.csproj", "{F124522F-C595-4F2D-B6CE-F28D647BAC79}"
EndProject
Project("{FAE04EC0-301F-11D3-BF4B-00C04F79EFBC}") = "RetailProduct.Interfaces", "..\RetailProduct.Interfaces\RetailProduct.Interfaces.csproj", "{C03065CA-A1B3-4659-95CD-646F4CC389FE}"
EndProject
Project("{FAE04EC0-301F-11D3-BF4B-00C04F79EFBC}") = "RetailProduct.Entities", "..\RetailProduct.Entities\RetailProduct.Entities.csproj", "{5B8B762D-234A-4BFF-9003-4E4AB648DA97}"
EndProject
Global
	GlobalSection(SolutionConfigurationPlatforms) = preSolution
		Debug|Any CPU = Debug|Any CPU
		Release|Any CPU = Release|Any CPU
	EndGlobalSection
	GlobalSection(ProjectConfigurationPlatforms) = postSolution
		{277F02F2-7987-473F-98C2-979AFA9D3BB8}.Debug|Any CPU.ActiveCfg = Debug|Any CPU
		{277F02F2-7987-473F-98C2-979AFA9D3BB8}.Debug|Any CPU.Build.0 = Debug|Any CPU
		{277F02F2-7987-473F-98C2-979AFA9D3BB8}.Release|Any CPU.ActiveCfg = Release|Any CPU
		{277F02F2-7987-473F-98C2-979AFA9D3BB8}.Release|Any CPU.Build.0 = Release|Any CPU
		{CB57B6E6-4FC1-4CEB-902B-B1088811BF03}.Debug|Any CPU.ActiveCfg = Debug|Any CPU
		{CB57B6E6-4FC1-4CEB-902B-B1088811BF03}.Debug|Any CPU.Build.0 = Debug|Any CPU
		{CB57B6E6-4FC1-4CEB-902B-B1088811BF03}.Release|Any CPU.ActiveCfg = Release|Any CPU
		{CB57B6E6-4FC1-4CEB-902B-B1088811BF03}.Release|Any CPU.Build.0 = Release|Any CPU
		{F124522F-C595-4F2D-B6CE-F28D647BAC79}.Debug|Any CPU.ActiveCfg = Debug|Any CPU
		{F124522F-C595-4F2D-B6CE-F28D647BAC79}.Debug|Any CPU.Build.0 = Debug|Any CPU
		{F124522F-C595-4F2D-B6CE-F28D647BAC79}.Release|Any CPU.ActiveCfg = Release|Any CPU
		{F124522F-C595-4F2D-B6CE-F28D647BAC79}.Release|Any CPU.Build.0 = Release|Any CPU
		{C03065CA-A1B3-4659-95CD-646F4CC389FE}.Debug|Any CPU.ActiveCfg = Debug|Any CPU
		{C03065CA-A1B3-4659-95CD-646F4CC389FE}.Debug|Any CPU.Build.0 = Debug|Any CPU
		{C03065CA-A1B3-4659-95CD-646F4CC389FE}.Release|Any CPU.ActiveCfg = Release|Any CPU
		{C03065CA-A1B3-4659-95CD-646F4CC389FE}.Release|Any CPU.Build.0 = Release|Any CPU
		{5B8B762D-234A-4BFF-9003-4E4AB648DA97}.Debug|Any CPU.ActiveCfg = Debug|Any CPU
		{5B8B762D-234A-4BFF-9003-4E4AB648DA97}.Debug|Any CPU.Build.0 = Debug|Any CPU
		{5B8B762D-234A-4BFF-9003-4E4AB648DA97}.Release|Any CPU.ActiveCfg = Release|Any CPU
		{5B8B762D-234A-4BFF-9003-4E4AB648DA97}.Release|Any CPU.Build.0 = Release|Any CPU
	EndGlobalSection
	GlobalSection(SolutionProperties) = preSolution
		HideSolutionNode = FALSE
	EndGlobalSection
	GlobalSection(ExtensibilityGlobals) = postSolution
		SolutionGuid = {DC4D3248-53FD-4E64-8641-FEC91EF313D2}
	EndGlobalSection
EndGlobal
